PODS:
  - AlipaySDK-iOS (15.6.8)
  - amap_core_fluttify (0.0.1):
    - AMapFoundation (~> 1.6)
    - Flutter
    - foundation_fluttify
  - amap_location_fluttify (0.0.1):
    - amap_core_fluttify
    - AMapLocation (~> 2.6.3)
    - Flutter
    - foundation_fluttify
  - AMapFoundation (1.6.3)
  - AMapLocation (2.6.5):
    - AMapFoundation (~> 1.6.3)
  - Bugly (2.5.5)
  - core_location_fluttify (0.0.1):
    - Flutter
  - Flutter (1.0.0)
  - flutter_bugly (0.0.1):
    - Bugly
    - Flutter
  - flutter_image_compress (0.0.1):
    - Flutter
    - Mantle
  - flutter_qr_reader (0.0.1):
    - Flutter
    - LBXScan
    - LBXZBarSDK
  - fluwx (0.0.1):
    - Flutter
    - mob_sharesdk/ShareSDKPlatforms/WeChatFull
  - foundation_fluttify (0.0.1):
    - Flutter
  - image_cropper (0.0.2):
    - Flutter
    - TOCropViewController (~> 2.5.2)
  - image_gallery_saver (1.5.0):
    - Flutter
  - image_picker (0.0.1):
    - Flutter
  - LBXScan (2.5.1):
    - LBXScan/All (= 2.5.1)
  - LBXScan/All (2.5.1):
    - LBXScan/Types (~> 2.2)
  - LBXScan/Types (2.5.1)
  - LBXZBarSDK (1.3.5)
  - libOpenInstallSDK (2.3.1)
  - Mantle (2.1.1):
    - Mantle/extobjc (= 2.1.1)
  - Mantle/extobjc (2.1.1)
  - Meiqia (3.5.2):
    - Meiqia/MeiqiaSDK (= 3.5.2)
    - Meiqia/MQChatViewController (= 3.5.2)
  - Meiqia/MeiqiaSDK (3.5.2)
  - Meiqia/MQChatViewController (3.5.2):
    - Meiqia/MeiqiaSDK
  - meiqia_plugin (0.0.1):
    - Flutter
    - Meiqia (~> 3.5.0)
  - mob_sharesdk (4.3.9.1):
    - mob_sharesdk/ShareSDK (= 4.3.9.1)
    - MOBFoundation (>= 3.2.9)
  - mob_sharesdk/ShareSDK (4.3.9.1):
    - MOBFoundation (>= 3.2.9)
  - mob_sharesdk/ShareSDKExtension (4.3.9.1):
    - mob_sharesdk/ShareSDK
    - MOBFoundation (>= 3.2.9)
  - mob_sharesdk/ShareSDKPlatforms/Douyin (4.3.9.1):
    - mob_sharesdk/ShareSDK
    - MOBFoundation (>= 3.2.9)
  - mob_sharesdk/ShareSDKPlatforms/Facebook (4.3.9.1):
    - mob_sharesdk/ShareSDK
    - MOBFoundation (>= 3.2.9)
  - mob_sharesdk/ShareSDKPlatforms/KuaiShou (4.3.9.1):
    - mob_sharesdk/ShareSDK
    - MOBFoundation (>= 3.2.9)
  - mob_sharesdk/ShareSDKPlatforms/Line (4.3.9.1):
    - mob_sharesdk/ShareSDK
    - MOBFoundation (>= 3.2.9)
  - mob_sharesdk/ShareSDKPlatforms/Oasis (4.3.9.1):
    - mob_sharesdk/ShareSDK
    - MOBFoundation (>= 3.2.9)
  - mob_sharesdk/ShareSDKPlatforms/QQ (4.3.9.1):
    - mob_sharesdk/ShareSDK
    - MOBFoundation (>= 3.2.9)
  - mob_sharesdk/ShareSDKPlatforms/SinaWeibo (4.3.9.1):
    - mob_sharesdk/ShareSDK
    - MOBFoundation (>= 3.2.9)
  - mob_sharesdk/ShareSDKPlatforms/SnapChat (4.3.9.1):
    - mob_sharesdk/ShareSDK
    - MOBFoundation (>= 3.2.9)
  - mob_sharesdk/ShareSDKPlatforms/Twitter (4.3.9.1):
    - mob_sharesdk/ShareSDK
    - MOBFoundation (>= 3.2.9)
  - mob_sharesdk/ShareSDKPlatforms/WatermelonVideo (4.3.9.1):
    - mob_sharesdk/ShareSDK
    - MOBFoundation (>= 3.2.9)
  - mob_sharesdk/ShareSDKPlatforms/WeChatFull (4.3.9.1):
    - mob_sharesdk/ShareSDK
    - MOBFoundation (>= 3.2.9)
  - mob_sharesdk/ShareSDKRestoreScene (4.3.9.1):
    - mob_sharesdk/ShareSDKExtension
    - MOBFoundation (>= 3.2.9)
  - mob_sharesdk/ShareSDKUI (4.3.9.1):
    - mob_sharesdk/ShareSDK
    - MOBFoundation (>= 3.2.9)
  - MOBFoundation (3.2.17)
  - openinstall_flutter_plugin (0.0.1):
    - Flutter
    - libOpenInstallSDK
  - package_info (0.0.1):
    - Flutter
  - path_provider (0.0.1):
    - Flutter
  - permission_handler (3.3.0):
    - Flutter
  - photo_manager (0.0.1):
    - Flutter
  - shared_preferences (0.0.1):
    - Flutter
  - sharesdk_plugin (1.1.2):
    - Flutter
    - mob_sharesdk
    - mob_sharesdk/ShareSDKExtension
    - mob_sharesdk/ShareSDKPlatforms/Douyin
    - mob_sharesdk/ShareSDKPlatforms/Facebook
    - mob_sharesdk/ShareSDKPlatforms/KuaiShou
    - mob_sharesdk/ShareSDKPlatforms/Line
    - mob_sharesdk/ShareSDKPlatforms/Oasis
    - mob_sharesdk/ShareSDKPlatforms/QQ
    - mob_sharesdk/ShareSDKPlatforms/SinaWeibo
    - mob_sharesdk/ShareSDKPlatforms/SnapChat
    - mob_sharesdk/ShareSDKPlatforms/Twitter
    - mob_sharesdk/ShareSDKPlatforms/WatermelonVideo
    - mob_sharesdk/ShareSDKPlatforms/WeChatFull
    - mob_sharesdk/ShareSDKRestoreScene
    - mob_sharesdk/ShareSDKUI
  - tobias (0.0.1):
    - AlipaySDK-iOS (~> 15.6.8)
    - Flutter
  - TOCropViewController (2.5.4)
  - url_launcher (0.0.1):
    - Flutter
  - video_player (0.0.1):
    - Flutter
  - wakelock (0.0.1):
    - Flutter
  - webview_flutter (0.0.1):
    - Flutter

DEPENDENCIES:
  - amap_core_fluttify (from `.symlinks/plugins/amap_core_fluttify/ios`)
  - amap_location_fluttify (from `.symlinks/plugins/amap_location_fluttify/ios`)
  - core_location_fluttify (from `.symlinks/plugins/core_location_fluttify/ios`)
  - Flutter (from `Flutter`)
  - flutter_bugly (from `.symlinks/plugins/flutter_bugly/ios`)
  - flutter_image_compress (from `.symlinks/plugins/flutter_image_compress/ios`)
  - flutter_qr_reader (from `.symlinks/plugins/flutter_qr_reader/ios`)
  - fluwx (from `.symlinks/plugins/fluwx/ios`)
  - foundation_fluttify (from `.symlinks/plugins/foundation_fluttify/ios`)
  - image_cropper (from `.symlinks/plugins/image_cropper/ios`)
  - image_gallery_saver (from `.symlinks/plugins/image_gallery_saver/ios`)
  - image_picker (from `.symlinks/plugins/image_picker/ios`)
  - meiqia_plugin (from `.symlinks/plugins/meiqia_plugin/ios`)
  - openinstall_flutter_plugin (from `.symlinks/plugins/openinstall_flutter_plugin/ios`)
  - package_info (from `.symlinks/plugins/package_info/ios`)
  - path_provider (from `.symlinks/plugins/path_provider/ios`)
  - permission_handler (from `.symlinks/plugins/permission_handler/ios`)
  - photo_manager (from `.symlinks/plugins/photo_manager/ios`)
  - shared_preferences (from `.symlinks/plugins/shared_preferences/ios`)
  - sharesdk_plugin (from `.symlinks/plugins/sharesdk_plugin/ios`)
  - tobias (from `.symlinks/plugins/tobias/ios`)
  - url_launcher (from `.symlinks/plugins/url_launcher/ios`)
  - video_player (from `.symlinks/plugins/video_player/ios`)
  - wakelock (from `.symlinks/plugins/wakelock/ios`)
  - webview_flutter (from `.symlinks/plugins/webview_flutter/ios`)

SPEC REPOS:
  trunk:
    - AlipaySDK-iOS
    - AMapFoundation
    - AMapLocation
    - Bugly
    - LBXScan
    - LBXZBarSDK
    - libOpenInstallSDK
    - Mantle
    - Meiqia
    - mob_sharesdk
    - MOBFoundation
    - TOCropViewController

EXTERNAL SOURCES:
  amap_core_fluttify:
    :path: ".symlinks/plugins/amap_core_fluttify/ios"
  amap_location_fluttify:
    :path: ".symlinks/plugins/amap_location_fluttify/ios"
  core_location_fluttify:
    :path: ".symlinks/plugins/core_location_fluttify/ios"
  Flutter:
    :path: Flutter
  flutter_bugly:
    :path: ".symlinks/plugins/flutter_bugly/ios"
  flutter_image_compress:
    :path: ".symlinks/plugins/flutter_image_compress/ios"
  flutter_qr_reader:
    :path: ".symlinks/plugins/flutter_qr_reader/ios"
  fluwx:
    :path: ".symlinks/plugins/fluwx/ios"
  foundation_fluttify:
    :path: ".symlinks/plugins/foundation_fluttify/ios"
  image_cropper:
    :path: ".symlinks/plugins/image_cropper/ios"
  image_gallery_saver:
    :path: ".symlinks/plugins/image_gallery_saver/ios"
  image_picker:
    :path: ".symlinks/plugins/image_picker/ios"
  meiqia_plugin:
    :path: ".symlinks/plugins/meiqia_plugin/ios"
  openinstall_flutter_plugin:
    :path: ".symlinks/plugins/openinstall_flutter_plugin/ios"
  package_info:
    :path: ".symlinks/plugins/package_info/ios"
  path_provider:
    :path: ".symlinks/plugins/path_provider/ios"
  permission_handler:
    :path: ".symlinks/plugins/permission_handler/ios"
  photo_manager:
    :path: ".symlinks/plugins/photo_manager/ios"
  shared_preferences:
    :path: ".symlinks/plugins/shared_preferences/ios"
  sharesdk_plugin:
    :path: ".symlinks/plugins/sharesdk_plugin/ios"
  tobias:
    :path: ".symlinks/plugins/tobias/ios"
  url_launcher:
    :path: ".symlinks/plugins/url_launcher/ios"
  video_player:
    :path: ".symlinks/plugins/video_player/ios"
  wakelock:
    :path: ".symlinks/plugins/wakelock/ios"
  webview_flutter:
    :path: ".symlinks/plugins/webview_flutter/ios"

SPEC CHECKSUMS:
  AlipaySDK-iOS: 703a55774a37f412410ab04af96c011b91ec58cb
  amap_core_fluttify: bc2e4245c6a6d869727ed16b009a9fa3dbefcf4a
  amap_location_fluttify: 487dc181dc7e5a33d50b662cf5a3f148fde42261
  AMapFoundation: 9ed923193b357ebb30a073e9fe255d3c24054d5a
  AMapLocation: c566d448285cd502c1e313063d9e2460bd4d7100
  Bugly: eded937bbb1f731cacf689c2d934ddbd9ab34f83
  core_location_fluttify: 24cc9dcd986ac7059916632d2cb3babb1568ff61
  Flutter: 0e3d915762c693b495b44d77113d4970485de6ec
  flutter_bugly: c9800f4d5bc5bdc27ffdde3417a26ba44266e0c3
  flutter_image_compress: f69d0e0e078ce52b4810695593bc861ee319ae7d
  flutter_qr_reader: 1b4faf9032e9ddc738107fd3dc067d29bd5cc67d
  fluwx: 13b180563982bf3149472d650e01fa0312236c3d
  foundation_fluttify: 0c45145e3fad1fb99188e4979daed5b24cd9b278
  image_cropper: 3c16d7651730ffe85897f5a1c4e2547e6b54989a
  image_gallery_saver: 259eab68fb271cfd57d599904f7acdc7832e7ef2
  image_picker: 9c3312491f862b28d21ecd8fdf0ee14e601b3f09
  LBXScan: 90ca10d0c38fb4a5a6980d7782354f3f69f50093
  LBXZBarSDK: db826d1265fbb4fbdbb2f30d7d1e96142e32bfff
  libOpenInstallSDK: a3b390cc1a514e33253a8eacf152661cfa94ce86
  Mantle: 35238ae6f2e2b2d474fa7b67fee82a59fea71915
  Meiqia: f4bb24e7a785e100957e6702d19853434dcb486e
  meiqia_plugin: bff6743de1eb5e1f7c6b2142a5953e18c4abbbe7
  mob_sharesdk: 954db91c66f5460bc57940ac3fb144cc0304b6a4
  MOBFoundation: 37e2c100051fd710976b1f8d00643d28f31fcaca
  openinstall_flutter_plugin: e6b8486f834eb60b336546442a8b747d4b664cf4
  package_info: 48b108e75b8802c2d5e126f208ef540561c98aef
  path_provider: abfe2b5c733d04e238b0d8691db0cfd63a27a93c
  permission_handler: 67637977b227d62d46bfbf524f335f8568de5a73
  photo_manager: f7c619c2cc8c2adb8d85c63363babac477de9c67
  shared_preferences: 1feebfa37bb57264736e16865e7ffae7fc99b523
  sharesdk_plugin: 1afa172841a590314b6ecd37eee084dfbd18f725
  tobias: b77cace96409ab4a1710403cd362bf6a9dd9c685
  TOCropViewController: 2a1ae1242600b1f2d996fd91a5268b2309a33b5c
  url_launcher: 6fef411d543ceb26efce54b05a0a40bfd74cbbef
  video_player: 9cc823b1d9da7e8427ee591e8438bfbcde500e6e
  wakelock: 0d4a70faf8950410735e3f61fb15d517c8a6efc4
  webview_flutter: d2b4d6c66968ad042ad94cbb791f5b72b4678a96

PODFILE CHECKSUM: aafe91acc616949ddb318b77800a7f51bffa2a4c

COCOAPODS: 1.9.3
