PODS:
  - AFNetworking (4.0.1):
    - AFNetworking/NSURLSession (= 4.0.1)
    - AFNetworking/Reachability (= 4.0.1)
    - AFNetworking/Security (= 4.0.1)
    - AFNetworking/Serialization (= 4.0.1)
    - AFNetworking/UIKit (= 4.0.1)
  - AFNetworking/NSURLSession (4.0.1):
    - AFNetworking/Reachability
    - AFNetworking/Security
    - AFNetworking/Serialization
  - AFNetworking/Reachability (4.0.1)
  - AFNetworking/Security (4.0.1)
  - AFNetworking/Serialization (4.0.1)
  - AFNetworking/UIKit (4.0.1):
    - AFNetworking/NSURLSession
  - AlipaySDK-iOS (15.6.8)
  - AMap3DMap-NO-IDFA (7.6.0):
    - AMapFoundation-NO-IDFA (~> 1.6.3)
  - amap_core_fluttify (0.0.1):
    - AMapFoundation-NO-IDFA (~> 1.6.4)
    - Flutter
    - foundation_fluttify
  - amap_location_fluttify (0.0.1):
    - amap_core_fluttify
    - AMapLocation-NO-IDFA (= 2.6.7)
    - Flutter
    - foundation_fluttify
  - amap_map_fluttify (0.0.1):
    - AMap3DMap-NO-IDFA (= 7.6.0)
    - amap_core_fluttify
    - amap_location_fluttify
    - amap_search_fluttify
    - Flutter
    - foundation_fluttify
    - url_launcher
  - amap_search_fluttify (0.0.1):
    - amap_core_fluttify
    - AMapSearch-NO-IDFA (~> 7.3.0)
    - Flutter
    - foundation_fluttify
  - AMapFoundation-NO-IDFA (1.6.4)
  - AMapLocation-NO-IDFA (2.6.7):
    - AMapFoundation-NO-IDFA (~> 1.6.4)
  - AMapSearch-NO-IDFA (7.3.0):
    - AMapFoundation-NO-IDFA (~> 1.6.3)
  - Bugly (2.5.71)
  - camera (0.0.1):
    - Flutter
  - core_location_fluttify (0.0.1):
    - Flutter
    - foundation_fluttify
  - DKImagePickerController/Core (4.3.2):
    - DKImagePickerController/ImageDataManager
    - DKImagePickerController/Resource
  - DKImagePickerController/ImageDataManager (4.3.2)
  - DKImagePickerController/PhotoGallery (4.3.2):
    - DKImagePickerController/Core
    - DKPhotoGallery
  - DKImagePickerController/Resource (4.3.2)
  - DKPhotoGallery (0.0.17):
    - DKPhotoGallery/Core (= 0.0.17)
    - DKPhotoGallery/Model (= 0.0.17)
    - DKPhotoGallery/Preview (= 0.0.17)
    - DKPhotoGallery/Resource (= 0.0.17)
    - SDWebImage
    - SwiftyGif
  - DKPhotoGallery/Core (0.0.17):
    - DKPhotoGallery/Model
    - DKPhotoGallery/Preview
    - SDWebImage
    - SwiftyGif
  - DKPhotoGallery/Model (0.0.17):
    - SDWebImage
    - SwiftyGif
  - DKPhotoGallery/Preview (0.0.17):
    - DKPhotoGallery/Model
    - DKPhotoGallery/Resource
    - SDWebImage
    - SwiftyGif
  - DKPhotoGallery/Resource (0.0.17):
    - SDWebImage
    - SwiftyGif
  - file_picker (0.0.1):
    - DKImagePickerController/PhotoGallery
    - Flutter
  - Flutter (1.0.0)
  - flutter_bugly (0.0.1):
    - Bugly
    - Flutter
  - flutter_ffmpeg (0.2.10):
    - Flutter
    - flutter_ffmpeg/https (= 0.2.10)
  - flutter_ffmpeg/https (0.2.10):
    - Flutter
    - mobile-ffmpeg-https (= 4.3.1)
  - flutter_image_compress (0.0.1):
    - Flutter
    - Mantle
  - flutter_qr_reader (0.0.1):
    - Flutter
    - LBXScan
    - LBXZBarSDK
  - flutter_txugcupload (0.0.1):
    - AFNetworking
    - Flutter
  - fluwx (0.0.1):
    - Flutter
    - mob_sharesdk/ShareSDKPlatforms/WeChatFull
  - foundation_fluttify (0.0.1):
    - Flutter
  - HandyJSON (5.0.2)
  - image_cropper (0.0.2):
    - Flutter
    - TOCropViewController (~> 2.5.2)
  - image_gallery_saver (1.5.0):
    - Flutter
  - image_picker (0.0.1):
    - Flutter
  - LBXScan (2.5.1):
    - LBXScan/All (= 2.5.1)
  - LBXScan/All (2.5.1):
    - LBXScan/Types (~> 2.2)
  - LBXScan/Types (2.5.1)
  - LBXZBarSDK (1.3.5)
  - libOpenInstallSDK (2.4.0)
  - libwebp (1.1.0):
    - libwebp/demux (= 1.1.0)
    - libwebp/mux (= 1.1.0)
    - libwebp/webp (= 1.1.0)
  - libwebp/demux (1.1.0):
    - libwebp/webp
  - libwebp/mux (1.1.0):
    - libwebp/demux
  - libwebp/webp (1.1.0)
  - Mantle (2.1.5):
    - Mantle/extobjc (= 2.1.5)
  - Mantle/extobjc (2.1.5)
  - Meiqia (3.5.2):
    - Meiqia/MeiqiaSDK (= 3.5.2)
    - Meiqia/MQChatViewController (= 3.5.2)
  - Meiqia/MeiqiaSDK (3.5.2)
  - Meiqia/MQChatViewController (3.5.2):
    - Meiqia/MeiqiaSDK
  - meiqia_plugin (0.0.1):
    - Flutter
    - Meiqia (~> 3.5.0)
  - mob_sharesdk (4.3.13.1):
    - mob_sharesdk/ShareSDK (= 4.3.13.1)
    - MOBFoundation (>= 3.2.9)
  - mob_sharesdk/ShareSDK (4.3.13.1):
    - MOBFoundation (>= 3.2.9)
  - mob_sharesdk/ShareSDKExtension (4.3.13.1):
    - mob_sharesdk/ShareSDK
    - MOBFoundation (>= 3.2.9)
  - mob_sharesdk/ShareSDKPlatforms/Douyin (4.3.13.1):
    - mob_sharesdk/ShareSDK
    - MOBFoundation (>= 3.2.9)
  - mob_sharesdk/ShareSDKPlatforms/Facebook (4.3.13.1):
    - mob_sharesdk/ShareSDK
    - MOBFoundation (>= 3.2.9)
  - mob_sharesdk/ShareSDKPlatforms/KuaiShou (4.3.13.1):
    - mob_sharesdk/ShareSDK
    - MOBFoundation (>= 3.2.9)
  - mob_sharesdk/ShareSDKPlatforms/Line (4.3.13.1):
    - mob_sharesdk/ShareSDK
    - MOBFoundation (>= 3.2.9)
  - mob_sharesdk/ShareSDKPlatforms/Oasis (4.3.13.1):
    - mob_sharesdk/ShareSDK
    - MOBFoundation (>= 3.2.9)
  - mob_sharesdk/ShareSDKPlatforms/QQ (4.3.13.1):
    - mob_sharesdk/ShareSDK
    - MOBFoundation (>= 3.2.9)
  - mob_sharesdk/ShareSDKPlatforms/SinaWeibo (4.3.13.1):
    - mob_sharesdk/ShareSDK
    - MOBFoundation (>= 3.2.9)
  - mob_sharesdk/ShareSDKPlatforms/SnapChat (4.3.13.1):
    - mob_sharesdk/ShareSDK
    - MOBFoundation (>= 3.2.9)
  - mob_sharesdk/ShareSDKPlatforms/Twitter (4.3.13.1):
    - mob_sharesdk/ShareSDK
    - MOBFoundation (>= 3.2.9)
  - mob_sharesdk/ShareSDKPlatforms/WatermelonVideo (4.3.13.1):
    - mob_sharesdk/ShareSDK
    - MOBFoundation (>= 3.2.9)
  - mob_sharesdk/ShareSDKPlatforms/WeChatFull (4.3.13.1):
    - mob_sharesdk/ShareSDK
    - MOBFoundation (>= 3.2.9)
  - mob_sharesdk/ShareSDKRestoreScene (4.3.13.1):
    - mob_sharesdk/ShareSDKExtension
    - MOBFoundation (>= 3.2.9)
  - mob_sharesdk/ShareSDKUI (4.3.13.1):
    - mob_sharesdk/ShareSDK
    - MOBFoundation (>= 3.2.9)
  - MOBFoundation (3.2.19)
  - mobile-ffmpeg-https (4.3.1)
  - openinstall_flutter_plugin (0.0.1):
    - Flutter
    - libOpenInstallSDK
  - package_info (0.0.1):
    - Flutter
  - path_provider (0.0.1):
    - Flutter
  - permission_handler (3.3.0):
    - Flutter
  - photo_manager (0.0.1):
    - Flutter
  - SDWebImage (5.9.3):
    - SDWebImage/Core (= 5.9.3)
  - SDWebImage/Core (5.9.3)
  - shared_preferences (0.0.1):
    - Flutter
  - sharesdk_plugin (1.1.2):
    - Flutter
    - mob_sharesdk
    - mob_sharesdk/ShareSDKExtension
    - mob_sharesdk/ShareSDKPlatforms/Douyin
    - mob_sharesdk/ShareSDKPlatforms/Facebook
    - mob_sharesdk/ShareSDKPlatforms/KuaiShou
    - mob_sharesdk/ShareSDKPlatforms/Line
    - mob_sharesdk/ShareSDKPlatforms/Oasis
    - mob_sharesdk/ShareSDKPlatforms/QQ
    - mob_sharesdk/ShareSDKPlatforms/SinaWeibo
    - mob_sharesdk/ShareSDKPlatforms/SnapChat
    - mob_sharesdk/ShareSDKPlatforms/Twitter
    - mob_sharesdk/ShareSDKPlatforms/WatermelonVideo
    - mob_sharesdk/ShareSDKPlatforms/WeChatFull
    - mob_sharesdk/ShareSDKRestoreScene
    - mob_sharesdk/ShareSDKUI
  - SwiftyGif (5.3.0)
  - tencent_im_plugin (0.0.1):
    - Flutter
    - HandyJSON
    - TXIMSDK_iOS (= 4.6.58)
  - tencent_live_fluttify (0.0.1):
    - Flutter
    - foundation_fluttify
    - TXLiteAVSDK_Professional (= 7.2.8927)
  - tobias (0.0.1):
    - AlipaySDK-iOS (~> 15.6.8)
    - Flutter
  - TOCropViewController (2.5.5)
  - TXIMSDK_iOS (4.6.58)
  - TXLiteAVSDK_Professional (7.2.8927)
  - url_launcher (0.0.1):
    - Flutter
  - video_player (0.0.1):
    - Flutter
  - video_thumbnail (0.0.1):
    - Flutter
    - libwebp
  - wakelock (0.0.1):
    - Flutter
  - webview_flutter (0.0.1):
    - Flutter

DEPENDENCIES:
  - amap_core_fluttify (from `.symlinks/plugins/amap_core_fluttify/ios`)
  - amap_location_fluttify (from `.symlinks/plugins/amap_location_fluttify/ios`)
  - amap_map_fluttify (from `.symlinks/plugins/amap_map_fluttify/ios`)
  - amap_search_fluttify (from `.symlinks/plugins/amap_search_fluttify/ios`)
  - camera (from `.symlinks/plugins/camera/ios`)
  - core_location_fluttify (from `.symlinks/plugins/core_location_fluttify/ios`)
  - file_picker (from `.symlinks/plugins/file_picker/ios`)
  - Flutter (from `Flutter`)
  - flutter_bugly (from `.symlinks/plugins/flutter_bugly/ios`)
  - flutter_ffmpeg (from `.symlinks/plugins/flutter_ffmpeg/ios`)
  - flutter_image_compress (from `.symlinks/plugins/flutter_image_compress/ios`)
  - flutter_qr_reader (from `.symlinks/plugins/flutter_qr_reader/ios`)
  - flutter_txugcupload (from `.symlinks/plugins/flutter_txugcupload/ios`)
  - fluwx (from `.symlinks/plugins/fluwx/ios`)
  - foundation_fluttify (from `.symlinks/plugins/foundation_fluttify/ios`)
  - image_cropper (from `.symlinks/plugins/image_cropper/ios`)
  - image_gallery_saver (from `.symlinks/plugins/image_gallery_saver/ios`)
  - image_picker (from `.symlinks/plugins/image_picker/ios`)
  - meiqia_plugin (from `.symlinks/plugins/meiqia_plugin/ios`)
  - openinstall_flutter_plugin (from `.symlinks/plugins/openinstall_flutter_plugin/ios`)
  - package_info (from `.symlinks/plugins/package_info/ios`)
  - path_provider (from `.symlinks/plugins/path_provider/ios`)
  - permission_handler (from `.symlinks/plugins/permission_handler/ios`)
  - photo_manager (from `.symlinks/plugins/photo_manager/ios`)
  - shared_preferences (from `.symlinks/plugins/shared_preferences/ios`)
  - sharesdk_plugin (from `.symlinks/plugins/sharesdk_plugin/ios`)
  - tencent_im_plugin (from `.symlinks/plugins/tencent_im_plugin/ios`)
  - tencent_live_fluttify (from `.symlinks/plugins/tencent_live_fluttify/ios`)
  - tobias (from `.symlinks/plugins/tobias/ios`)
  - url_launcher (from `.symlinks/plugins/url_launcher/ios`)
  - video_player (from `.symlinks/plugins/video_player/ios`)
  - video_thumbnail (from `.symlinks/plugins/video_thumbnail/ios`)
  - wakelock (from `.symlinks/plugins/wakelock/ios`)
  - webview_flutter (from `.symlinks/plugins/webview_flutter/ios`)

SPEC REPOS:
  trunk:
    - AFNetworking
    - AlipaySDK-iOS
    - AMap3DMap-NO-IDFA
    - AMapFoundation-NO-IDFA
    - AMapLocation-NO-IDFA
    - AMapSearch-NO-IDFA
    - Bugly
    - DKImagePickerController
    - DKPhotoGallery
    - HandyJSON
    - LBXScan
    - LBXZBarSDK
    - libOpenInstallSDK
    - libwebp
    - Mantle
    - Meiqia
    - mob_sharesdk
    - MOBFoundation
    - mobile-ffmpeg-https
    - SDWebImage
    - SwiftyGif
    - TOCropViewController
    - TXIMSDK_iOS
    - TXLiteAVSDK_Professional

EXTERNAL SOURCES:
  amap_core_fluttify:
    :path: ".symlinks/plugins/amap_core_fluttify/ios"
  amap_location_fluttify:
    :path: ".symlinks/plugins/amap_location_fluttify/ios"
  amap_map_fluttify:
    :path: ".symlinks/plugins/amap_map_fluttify/ios"
  amap_search_fluttify:
    :path: ".symlinks/plugins/amap_search_fluttify/ios"
  camera:
    :path: ".symlinks/plugins/camera/ios"
  core_location_fluttify:
    :path: ".symlinks/plugins/core_location_fluttify/ios"
  file_picker:
    :path: ".symlinks/plugins/file_picker/ios"
  Flutter:
    :path: Flutter
  flutter_bugly:
    :path: ".symlinks/plugins/flutter_bugly/ios"
  flutter_ffmpeg:
    :path: ".symlinks/plugins/flutter_ffmpeg/ios"
  flutter_image_compress:
    :path: ".symlinks/plugins/flutter_image_compress/ios"
  flutter_qr_reader:
    :path: ".symlinks/plugins/flutter_qr_reader/ios"
  flutter_txugcupload:
    :path: ".symlinks/plugins/flutter_txugcupload/ios"
  fluwx:
    :path: ".symlinks/plugins/fluwx/ios"
  foundation_fluttify:
    :path: ".symlinks/plugins/foundation_fluttify/ios"
  image_cropper:
    :path: ".symlinks/plugins/image_cropper/ios"
  image_gallery_saver:
    :path: ".symlinks/plugins/image_gallery_saver/ios"
  image_picker:
    :path: ".symlinks/plugins/image_picker/ios"
  meiqia_plugin:
    :path: ".symlinks/plugins/meiqia_plugin/ios"
  openinstall_flutter_plugin:
    :path: ".symlinks/plugins/openinstall_flutter_plugin/ios"
  package_info:
    :path: ".symlinks/plugins/package_info/ios"
  path_provider:
    :path: ".symlinks/plugins/path_provider/ios"
  permission_handler:
    :path: ".symlinks/plugins/permission_handler/ios"
  photo_manager:
    :path: ".symlinks/plugins/photo_manager/ios"
  shared_preferences:
    :path: ".symlinks/plugins/shared_preferences/ios"
  sharesdk_plugin:
    :path: ".symlinks/plugins/sharesdk_plugin/ios"
  tencent_im_plugin:
    :path: ".symlinks/plugins/tencent_im_plugin/ios"
  tencent_live_fluttify:
    :path: ".symlinks/plugins/tencent_live_fluttify/ios"
  tobias:
    :path: ".symlinks/plugins/tobias/ios"
  url_launcher:
    :path: ".symlinks/plugins/url_launcher/ios"
  video_player:
    :path: ".symlinks/plugins/video_player/ios"
  video_thumbnail:
    :path: ".symlinks/plugins/video_thumbnail/ios"
  wakelock:
    :path: ".symlinks/plugins/wakelock/ios"
  webview_flutter:
    :path: ".symlinks/plugins/webview_flutter/ios"

SPEC CHECKSUMS:
  AFNetworking: 7864c38297c79aaca1500c33288e429c3451fdce
  AlipaySDK-iOS: 703a55774a37f412410ab04af96c011b91ec58cb
  AMap3DMap-NO-IDFA: 5e5b483ef230d1bed6c8d989d36254a66c67a6fc
  amap_core_fluttify: 832331914f028c32aebf1dab23474a82aff828e8
  amap_location_fluttify: baa3007e3f215456ab2ea2f4ccccf5bc1a9a164b
  amap_map_fluttify: 6b64256d6ccea7813e1b6423fcf7b5ef10d3c984
  amap_search_fluttify: f83f950b4f8e8688bc8b100684c33868335f2e06
  AMapFoundation-NO-IDFA: 68a24362b110b8e0a3677605d0fd36bdf521f2bb
  AMapLocation-NO-IDFA: 2a3edfee336b38481b892e1ecc85df0f6b365851
  AMapSearch-NO-IDFA: 85555dc9ba312949d39a259baa4ef4e0619fa944
  Bugly: fd066c75c4a0eca1440f9b6a84bd37d51bfc85ac
  camera: a0ca5080336f7af47b88436e5e26da3dee5568f0
  core_location_fluttify: 9466a411ea7d22c6349c7e6a767ae4623f01eb1d
  DKImagePickerController: b5eb7f7a388e4643264105d648d01f727110fc3d
  DKPhotoGallery: fdfad5125a9fdda9cc57df834d49df790dbb4179
  file_picker: 3e6c3790de664ccf9b882732d9db5eaf6b8d4eb1
  Flutter: 0e3d915762c693b495b44d77113d4970485de6ec
  flutter_bugly: c9800f4d5bc5bdc27ffdde3417a26ba44266e0c3
  flutter_ffmpeg: cf0a6941ef67e88248c998cc3e34f8acb0b4e454
  flutter_image_compress: f69d0e0e078ce52b4810695593bc861ee319ae7d
  flutter_qr_reader: 1b4faf9032e9ddc738107fd3dc067d29bd5cc67d
  flutter_txugcupload: 849cf5e9b0b1c340b6ac1c3b0fe2caa81e98bbee
  fluwx: 13b180563982bf3149472d650e01fa0312236c3d
  foundation_fluttify: 0c45145e3fad1fb99188e4979daed5b24cd9b278
  HandyJSON: 9e4e236f5d2dbefad5155a77417bbea438201c03
  image_cropper: 3c16d7651730ffe85897f5a1c4e2547e6b54989a
  image_gallery_saver: 259eab68fb271cfd57d599904f7acdc7832e7ef2
  image_picker: 9c3312491f862b28d21ecd8fdf0ee14e601b3f09
  LBXScan: 90ca10d0c38fb4a5a6980d7782354f3f69f50093
  LBXZBarSDK: db826d1265fbb4fbdbb2f30d7d1e96142e32bfff
  libOpenInstallSDK: 899cc7243599ccfd5d84384f27f4244d37b2b484
  libwebp: 946cb3063cea9236285f7e9a8505d806d30e07f3
  Mantle: 863ddda5376b35174cd7676e381d448aa52cc5e7
  Meiqia: f4bb24e7a785e100957e6702d19853434dcb486e
  meiqia_plugin: bff6743de1eb5e1f7c6b2142a5953e18c4abbbe7
  mob_sharesdk: a83dd0b129a3f954c9a639d5c33fd3d2cd41e887
  MOBFoundation: 606bc4c10ff4c6ac573c09f5081a39c75316bc7b
  mobile-ffmpeg-https: c4a3c255163ddb1abc4b4dfc613c2d885f8c46eb
  openinstall_flutter_plugin: e6b8486f834eb60b336546442a8b747d4b664cf4
  package_info: 48b108e75b8802c2d5e126f208ef540561c98aef
  path_provider: abfe2b5c733d04e238b0d8691db0cfd63a27a93c
  permission_handler: 67637977b227d62d46bfbf524f335f8568de5a73
  photo_manager: f7c619c2cc8c2adb8d85c63363babac477de9c67
  SDWebImage: a31ee8e90a97303529e03fb0c333eae0eacb88e9
  shared_preferences: 1feebfa37bb57264736e16865e7ffae7fc99b523
  sharesdk_plugin: 1afa172841a590314b6ecd37eee084dfbd18f725
  SwiftyGif: e466e86c660d343357ab944a819a101c4127cb40
  tencent_im_plugin: a055ed155fd2cae7f006e756dbec96255b4aa0a3
  tencent_live_fluttify: 98821d3233cf13a47eadf1555ebd56b050e0a5ca
  tobias: b77cace96409ab4a1710403cd362bf6a9dd9c685
  TOCropViewController: da59f531f8ac8a94ef6d6c0fc34009350f9e8bfe
  TXIMSDK_iOS: d4231ccd8a045f54ca04d008dba46fdbf25687fb
  TXLiteAVSDK_Professional: 43ca7a2f8ad118c052162d961c8c02cd763d8467
  url_launcher: 6fef411d543ceb26efce54b05a0a40bfd74cbbef
  video_player: 9cc823b1d9da7e8427ee591e8438bfbcde500e6e
  video_thumbnail: c4e2a3c539e247d4de13cd545344fd2d26ffafd1
  wakelock: 0d4a70faf8950410735e3f61fb15d517c8a6efc4
  webview_flutter: d2b4d6c66968ad042ad94cbb791f5b72b4678a96

PODFILE CHECKSUM: 8c5ebae96969c5d3cd4ca0087e61d231762d8739

COCOAPODS: 1.9.3
